
Microsoft Visual Studio Solution File, Format Version 12.00
# Visual Studio Version 17
VisualStudioVersion = 17.5.33516.290
MinimumVisualStudioVersion = 10.0.40219.1
Project("{FAE04EC0-301F-11D3-BF4B-00C04F79EFBC}") = "NewProject", "NewProject\NewProject.csproj", "{B4153468-FE96-4C8F-92D1-4C60C070BA94}"
EndProject
Project("{FAE04EC0-301F-11D3-BF4B-00C04F79EFBC}") = "TestNewProject", "TestNewProject\TestNewProject.csproj", "{D4FEF8EE-B334-41A1-B2A1-7F86D85DD575}"
EndProject
Global
	GlobalSection(SolutionConfigurationPlatforms) = preSolution
		Debug|Any CPU = Debug|Any CPU
		Release|Any CPU = Release|Any CPU
	EndGlobalSection
	GlobalSection(ProjectConfigurationPlatforms) = postSolution
		{B4153468-FE96-4C8F-92D1-4C60C070BA94}.Debug|Any CPU.ActiveCfg = Debug|Any CPU
		{B4153468-FE96-4C8F-92D1-4C60C070BA94}.Debug|Any CPU.Build.0 = Debug|Any CPU
		{B4153468-FE96-4C8F-92D1-4C60C070BA94}.Release|Any CPU.ActiveCfg = Release|Any CPU
		{B4153468-FE96-4C8F-92D1-4C60C070BA94}.Release|Any CPU.Build.0 = Release|Any CPU
		{D4FEF8EE-B334-41A1-B2A1-7F86D85DD575}.Debug|Any CPU.ActiveCfg = Debug|Any CPU
		{D4FEF8EE-B334-41A1-B2A1-7F86D85DD575}.Debug|Any CPU.Build.0 = Debug|Any CPU
		{D4FEF8EE-B334-41A1-B2A1-7F86D85DD575}.Release|Any CPU.ActiveCfg = Release|Any CPU
		{D4FEF8EE-B334-41A1-B2A1-7F86D85DD575}.Release|Any CPU.Build.0 = Release|Any CPU
	EndGlobalSection
	GlobalSection(SolutionProperties) = preSolution
		HideSolutionNode = FALSE
	EndGlobalSection
	GlobalSection(ExtensibilityGlobals) = postSolution
		SolutionGuid = {02E6E8BE-B012-4D73-9CAA-80B88AC87007}
	EndGlobalSection
EndGlobal
